
Microsoft Visual Studio Solution File, Format Version 12.00
# Visual Studio Version 17
VisualStudioVersion = 17.4.33205.214
MinimumVisualStudioVersion = 10.0.40219.1
Project("{FAE04EC0-301F-11D3-BF4B-00C04F79EFBC}") = "MIDIMapper", "MIDIMapper.csproj", "{1AE4466E-7002-4120-8066-D97708931012}"
EndProject
Global
	GlobalSection(SolutionConfigurationPlatforms) = preSolution
		Debug|Any CPU = Debug|Any CPU
		Release|Any CPU = Release|Any CPU
	EndGlobalSection
	GlobalSection(ProjectConfigurationPlatforms) = postSolution
		{1AE4466E-7002-4120-8066-D97708931012}.Debug|Any CPU.ActiveCfg = Debug|Any CPU
		{1AE4466E-7002-4120-8066-D97708931012}.Debug|Any CPU.Build.0 = Debug|Any CPU
		{1AE4466E-7002-4120-8066-D97708931012}.Release|Any CPU.ActiveCfg = Release|Any CPU
		{1AE4466E-7002-4120-8066-D97708931012}.Release|Any CPU.Build.0 = Release|Any CPU
	EndGlobalSection
	GlobalSection(SolutionProperties) = preSolution
		HideSolutionNode = FALSE
	EndGlobalSection
	GlobalSection(ExtensibilityGlobals) = postSolution
		SolutionGuid = {545C68D3-B976-4F60-9F97-A40D96C3F7EF}
	EndGlobalSection
EndGlobal
